
Microsoft Visual Studio Solution File, Format Version 12.00
# Visual Studio 15
VisualStudioVersion = 15.0.28307.271
MinimumVisualStudioVersion = 10.0.40219.1
Project("{1745E0B4-FCF9-4892-8DC0-4A28831A4278}") = "SpeechToText", "SpeechToText.csproj", "{831E0353-0657-41C8-9AC9-0E457E61169B}"
EndProject
Global
	GlobalSection(SolutionConfigurationPlatforms) = preSolution
		Debug|Any CPU = Debug|Any CPU
		Release|Any CPU = Release|Any CPU
	EndGlobalSection
	GlobalSection(ProjectConfigurationPlatforms) = postSolution
		{831E0353-0657-41C8-9AC9-0E457E61169B}.Debug|Any CPU.ActiveCfg = Debug|Any CPU
		{831E0353-0657-41C8-9AC9-0E457E61169B}.Debug|Any CPU.Build.0 = Debug|Any CPU
		{831E0353-0657-41C8-9AC9-0E457E61169B}.Release|Any CPU.ActiveCfg = Release|Any CPU
		{831E0353-0657-41C8-9AC9-0E457E61169B}.Release|Any CPU.Build.0 = Release|Any CPU
	EndGlobalSection
	GlobalSection(SolutionProperties) = preSolution
		HideSolutionNode = FALSE
	EndGlobalSection
	GlobalSection(ExtensibilityGlobals) = postSolution
		SolutionGuid = {F0E8A54D-5824-4175-A35C-A659D4E817F3}
	EndGlobalSection
EndGlobal
